// !$*UTF8*$!
{
	archiveVersion = 1;
	classes = {
	};
	objectVersion = 56;
	objects = {

/* Begin PBXBuildFile section */
		4F0B3F222C228982009058A9 /* week10_weatherAPIApp.swift in Sources */ = {isa = PBXBuildFile; fileRef = 4F0B3F212C228982009058A9 /* week10_weatherAPIApp.swift */; };
		4F0B3F242C228982009058A9 /* ContentView.swift in Sources */ = {isa = PBXBuildFile; fileRef = 4F0B3F232C228982009058A9 /* ContentView.swift */; };
		4F0B3F262C228985009058A9 /* Assets.xcassets in Resources */ = {isa = PBXBuildFile; fileRef = 4F0B3F252C228985009058A9 /* Assets.xcassets */; };
		4F0B3F292C228985009058A9 /* Preview Assets.xcassets in Resources */ = {isa = PBXBuildFile; fileRef = 4F0B3F282C228985009058A9 /* Preview Assets.xcassets */; };
		4F0B3F332C228985009058A9 /* week10_weatherAPITests.swift in Sources */ = {isa = PBXBuildFile; fileRef = 4F0B3F322C228985009058A9 /* week10_weatherAPITests.swift */; };
		4F0B3F3D2C228985009058A9 /* week10_weatherAPIUITests.swift in Sources */ = {isa = PBXBuildFile; fileRef = 4F0B3F3C2C228985009058A9 /* week10_weatherAPIUITests.swift */; };
		4F0B3F3F2C228985009058A9 /* week10_weatherAPIUITestsLaunchTests.swift in Sources */ = {isa = PBXBuildFile; fileRef = 4F0B3F3E2C228985009058A9 /* week10_weatherAPIUITestsLaunchTests.swift */; };
		4F0B3F4C2C228AD8009058A9 /* WeatherData.swift in Sources */ = {isa = PBXBuildFile; fileRef = 4F0B3F4B2C228AD8009058A9 /* WeatherData.swift */; };
		4F0B3F4E2C228AEF009058A9 /* WeatherService.swift in Sources */ = {isa = PBXBuildFile; fileRef = 4F0B3F4D2C228AEF009058A9 /* WeatherService.swift */; };
		4F0B3F502C228B10009058A9 /* WeatherViewModel.swift in Sources */ = {isa = PBXBuildFile; fileRef = 4F0B3F4F2C228B10009058A9 /* WeatherViewModel.swift */; };
/* End PBXBuildFile section */

/* Begin PBXContainerItemProxy section */
		4F0B3F2F2C228985009058A9 /* PBXContainerItemProxy */ = {
			isa = PBXContainerItemProxy;
			containerPortal = 4F0B3F162C228982009058A9 /* Project object */;
			proxyType = 1;
			remoteGlobalIDString = 4F0B3F1D2C228982009058A9;
			remoteInfo = week10_weatherAPI;
		};
		4F0B3F392C228985009058A9 /* PBXContainerItemProxy */ = {
			isa = PBXContainerItemProxy;
			containerPortal = 4F0B3F162C228982009058A9 /* Project object */;
			proxyType = 1;
			remoteGlobalIDString = 4F0B3F1D2C228982009058A9;
			remoteInfo = week10_weatherAPI;
		};
/* End PBXContainerItemProxy section */

/* Begin PBXFileReference section */
		4F0B3F1E2C228982009058A9 /* week10_weatherAPI.app */ = {isa = PBXFileReference; explicitFileType = wrapper.application; includeInIndex = 0; path = week10_weatherAPI.app; sourceTree = BUILT_PRODUCTS_DIR; };
		4F0B3F212C228982009058A9 /* week10_weatherAPIApp.swift */ = {isa = PBXFileReference; lastKnownFileType = sourcecode.swift; path = week10_weatherAPIApp.swift; sourceTree = "<group>"; };
		4F0B3F232C228982009058A9 /* ContentView.swift */ = {isa = PBXFileReference; lastKnownFileType = sourcecode.swift; path = ContentView.swift; sourceTree = "<group>"; };
		4F0B3F252C228985009058A9 /* Assets.xcassets */ = {isa = PBXFileReference; lastKnownFileType = folder.assetcatalog; path = Assets.xcassets; sourceTree = "<group>"; };
		4F0B3F282C228985009058A9 /* Preview Assets.xcassets */ = {isa = PBXFileReference; lastKnownFileType = folder.assetcatalog; path = "Preview Assets.xcassets"; sourceTree = "<group>"; };
		4F0B3F2E2C228985009058A9 /* week10_weatherAPITests.xctest */ = {isa = PBXFileReference; explicitFileType = wrapper.cfbundle; includeInIndex = 0; path = week10_weatherAPITests.xctest; sourceTree = BUILT_PRODUCTS_DIR; };
		4F0B3F322C228985009058A9 /* week10_weatherAPITests.swift */ = {isa = PBXFileReference; lastKnownFileType = sourcecode.swift; path = week10_weatherAPITests.swift; sourceTree = "<group>"; };
		4F0B3F382C228985009058A9 /* week10_weatherAPIUITests.xctest */ = {isa = PBXFileReference; explicitFileType = wrapper.cfbundle; includeInIndex = 0; path = week10_weatherAPIUITests.xctest; sourceTree = BUILT_PRODUCTS_DIR; };
		4F0B3F3C2C228985009058A9 /* week10_weatherAPIUITests.swift */ = {isa = PBXFileReference; lastKnownFileType = sourcecode.swift; path = week10_weatherAPIUITests.swift; sourceTree = "<group>"; };
		4F0B3F3E2C228985009058A9 /* week10_weatherAPIUITestsLaunchTests.swift */ = {isa = PBXFileReference; lastKnownFileType = sourcecode.swift; path = week10_weatherAPIUITestsLaunchTests.swift; sourceTree = "<group>"; };
		4F0B3F4B2C228AD8009058A9 /* WeatherData.swift */ = {isa = PBXFileReference; lastKnownFileType = sourcecode.swift; path = WeatherData.swift; sourceTree = "<group>"; };
		4F0B3F4D2C228AEF009058A9 /* WeatherService.swift */ = {isa = PBXFileReference; lastKnownFileType = sourcecode.swift; path = WeatherService.swift; sourceTree = "<group>"; };
		4F0B3F4F2C228B10009058A9 /* WeatherViewModel.swift */ = {isa = PBXFileReference; lastKnownFileType = sourcecode.swift; path = WeatherViewModel.swift; sourceTree = "<group>"; };
/* End PBXFileReference section */

/* Begin PBXFrameworksBuildPhase section */
		4F0B3F1B2C228982009058A9 /* Frameworks */ = {
			isa = PBXFrameworksBuildPhase;
			buildActionMask = 2147483647;
			files = (
			);
			runOnlyForDeploymentPostprocessing = 0;
		};
		4F0B3F2B2C228985009058A9 /* Frameworks */ = {
			isa = PBXFrameworksBuildPhase;
			buildActionMask = 2147483647;
			files = (
			);
			runOnlyForDeploymentPostprocessing = 0;
		};
		4F0B3F352C228985009058A9 /* Frameworks */ = {
			isa = PBXFrameworksBuildPhase;
			buildActionMask = 2147483647;
			files = (
			);
			runOnlyForDeploymentPostprocessing = 0;
		};
/* End PBXFrameworksBuildPhase section */

/* Begin PBXGroup section */
		4F0B3F152C228982009058A9 = {
			isa = PBXGroup;
			children = (
				4F0B3F202C228982009058A9 /* week10_weatherAPI */,
				4F0B3F312C228985009058A9 /* week10_weatherAPITests */,
				4F0B3F3B2C228985009058A9 /* week10_weatherAPIUITests */,
				4F0B3F1F2C228982009058A9 /* Products */,
			);
			sourceTree = "<group>";
		};
		4F0B3F1F2C228982009058A9 /* Products */ = {
			isa = PBXGroup;
			children = (
				4F0B3F1E2C228982009058A9 /* week10_weatherAPI.app */,
				4F0B3F2E2C228985009058A9 /* week10_weatherAPITests.xctest */,
				4F0B3F382C228985009058A9 /* week10_weatherAPIUITests.xctest */,
			);
			name = Products;
			sourceTree = "<group>";
		};
		4F0B3F202C228982009058A9 /* week10_weatherAPI */ = {
			isa = PBXGroup;
			children = (
				4F0B3F212C228982009058A9 /* week10_weatherAPIApp.swift */,
				4F0B3F232C228982009058A9 /* ContentView.swift */,
				4F0B3F4B2C228AD8009058A9 /* WeatherData.swift */,
				4F0B3F4D2C228AEF009058A9 /* WeatherService.swift */,
				4F0B3F4F2C228B10009058A9 /* WeatherViewModel.swift */,
				4F0B3F252C228985009058A9 /* Assets.xcassets */,
				4F0B3F272C228985009058A9 /* Preview Content */,
			);
			path = week10_weatherAPI;
			sourceTree = "<group>";
		};
		4F0B3F272C228985009058A9 /* Preview Content */ = {
			isa = PBXGroup;
			children = (
				4F0B3F282C228985009058A9 /* Preview Assets.xcassets */,
			);
			path = "Preview Content";
			sourceTree = "<group>";
		};
		4F0B3F312C228985009058A9 /* week10_weatherAPITests */ = {
			isa = PBXGroup;
			children = (
				4F0B3F322C228985009058A9 /* week10_weatherAPITests.swift */,
			);
			path = week10_weatherAPITests;
			sourceTree = "<group>";
		};
		4F0B3F3B2C228985009058A9 /* week10_weatherAPIUITests */ = {
			isa = PBXGroup;
			children = (
				4F0B3F3C2C228985009058A9 /* week10_weatherAPIUITests.swift */,
				4F0B3F3E2C228985009058A9 /* week10_weatherAPIUITestsLaunchTests.swift */,
			);
			path = week10_weatherAPIUITests;
			sourceTree = "<group>";
		};
/* End PBXGroup section */

/* Begin PBXNativeTarget section */
		4F0B3F1D2C228982009058A9 /* week10_weatherAPI */ = {
			isa = PBXNativeTarget;
			buildConfigurationList = 4F0B3F422C228985009058A9 /* Build configuration list for PBXNativeTarget "week10_weatherAPI" */;
			buildPhases = (
				4F0B3F1A2C228982009058A9 /* Sources */,
				4F0B3F1B2C228982009058A9 /* Frameworks */,
				4F0B3F1C2C228982009058A9 /* Resources */,
			);
			buildRules = (
			);
			dependencies = (
			);
			name = week10_weatherAPI;
			productName = week10_weatherAPI;
			productReference = 4F0B3F1E2C228982009058A9 /* week10_weatherAPI.app */;
			productType = "com.apple.product-type.application";
		};
		4F0B3F2D2C228985009058A9 /* week10_weatherAPITests */ = {
			isa = PBXNativeTarget;
			buildConfigurationList = 4F0B3F452C228985009058A9 /* Build configuration list for PBXNativeTarget "week10_weatherAPITests" */;
			buildPhases = (
				4F0B3F2A2C228985009058A9 /* Sources */,
				4F0B3F2B2C228985009058A9 /* Frameworks */,
				4F0B3F2C2C228985009058A9 /* Resources */,
			);
			buildRules = (
			);
			dependencies = (
				4F0B3F302C228985009058A9 /* PBXTargetDependency */,
			);
			name = week10_weatherAPITests;
			productName = week10_weatherAPITests;
			productReference = 4F0B3F2E2C228985009058A9 /* week10_weatherAPITests.xctest */;
			productType = "com.apple.product-type.bundle.unit-test";
		};
		4F0B3F372C228985009058A9 /* week10_weatherAPIUITests */ = {
			isa = PBXNativeTarget;
			buildConfigurationList = 4F0B3F482C228985009058A9 /* Build configuration list for PBXNativeTarget "week10_weatherAPIUITests" */;
			buildPhases = (
				4F0B3F342C228985009058A9 /* Sources */,
				4F0B3F352C228985009058A9 /* Frameworks */,
				4F0B3F362C228985009058A9 /* Resources */,
			);
			buildRules = (
			);
			dependencies = (
				4F0B3F3A2C228985009058A9 /* PBXTargetDependency */,
			);
			name = week10_weatherAPIUITests;
			productName = week10_weatherAPIUITests;
			productReference = 4F0B3F382C228985009058A9 /* week10_weatherAPIUITests.xctest */;
			productType = "com.apple.product-type.bundle.ui-testing";
		};
/* End PBXNativeTarget section */

/* Begin PBXProject section */
		4F0B3F162C228982009058A9 /* Project object */ = {
			isa = PBXProject;
			attributes = {
				BuildIndependentTargetsInParallel = 1;
				LastSwiftUpdateCheck = 1540;
				LastUpgradeCheck = 1540;
				TargetAttributes = {
					4F0B3F1D2C228982009058A9 = {
						CreatedOnToolsVersion = 15.4;
					};
					4F0B3F2D2C228985009058A9 = {
						CreatedOnToolsVersion = 15.4;
						TestTargetID = 4F0B3F1D2C228982009058A9;
					};
					4F0B3F372C228985009058A9 = {
						CreatedOnToolsVersion = 15.4;
						TestTargetID = 4F0B3F1D2C228982009058A9;
					};
				};
			};
			buildConfigurationList = 4F0B3F192C228982009058A9 /* Build configuration list for PBXProject "week10_weatherAPI" */;
			compatibilityVersion = "Xcode 14.0";
			developmentRegion = en;
			hasScannedForEncodings = 0;
			knownRegions = (
				en,
				Base,
			);
			mainGroup = 4F0B3F152C228982009058A9;
			productRefGroup = 4F0B3F1F2C228982009058A9 /* Products */;
			projectDirPath = "";
			projectRoot = "";
			targets = (
				4F0B3F1D2C228982009058A9 /* week10_weatherAPI */,
				4F0B3F2D2C228985009058A9 /* week10_weatherAPITests */,
				4F0B3F372C228985009058A9 /* week10_weatherAPIUITests */,
			);
		};
/* End PBXProject section */

/* Begin PBXResourcesBuildPhase section */
		4F0B3F1C2C228982009058A9 /* Resources */ = {
			isa = PBXResourcesBuildPhase;
			buildActionMask = 2147483647;
			files = (
				4F0B3F292C228985009058A9 /* Preview Assets.xcassets in Resources */,
				4F0B3F262C228985009058A9 /* Assets.xcassets in Resources */,
			);
			runOnlyForDeploymentPostprocessing = 0;
		};
		4F0B3F2C2C228985009058A9 /* Resources */ = {
			isa = PBXResourcesBuildPhase;
			buildActionMask = 2147483647;
			files = (
			);
			runOnlyForDeploymentPostprocessing = 0;
		};
		4F0B3F362C228985009058A9 /* Resources */ = {
			isa = PBXResourcesBuildPhase;
			buildActionMask = 2147483647;
			files = (
			);
			runOnlyForDeploymentPostprocessing = 0;
		};
/* End PBXResourcesBuildPhase section */

/* Begin PBXSourcesBuildPhase section */
		4F0B3F1A2C228982009058A9 /* Sources */ = {
			isa = PBXSourcesBuildPhase;
			buildActionMask = 2147483647;
			files = (
				4F0B3F502C228B10009058A9 /* WeatherViewModel.swift in Sources */,
				4F0B3F4E2C228AEF009058A9 /* WeatherService.swift in Sources */,
				4F0B3F242C228982009058A9 /* ContentView.swift in Sources */,
				4F0B3F4C2C228AD8009058A9 /* WeatherData.swift in Sources */,
				4F0B3F222C228982009058A9 /* week10_weatherAPIApp.swift in Sources */,
			);
			runOnlyForDeploymentPostprocessing = 0;
		};
		4F0B3F2A2C228985009058A9 /* Sources */ = {
			isa = PBXSourcesBuildPhase;
			buildActionMask = 2147483647;
			files = (
				4F0B3F332C228985009058A9 /* week10_weatherAPITests.swift in Sources */,
			);
			runOnlyForDeploymentPostprocessing = 0;
		};
		4F0B3F342C228985009058A9 /* Sources */ = {
			isa = PBXSourcesBuildPhase;
			buildActionMask = 2147483647;
			files = (
				4F0B3F3D2C228985009058A9 /* week10_weatherAPIUITests.swift in Sources */,
				4F0B3F3F2C228985009058A9 /* week10_weatherAPIUITestsLaunchTests.swift in Sources */,
			);
			runOnlyForDeploymentPostprocessing = 0;
		};
/* End PBXSourcesBuildPhase section */

/* Begin PBXTargetDependency section */
		4F0B3F302C228985009058A9 /* PBXTargetDependency */ = {
			isa = PBXTargetDependency;
			target = 4F0B3F1D2C228982009058A9 /* week10_weatherAPI */;
			targetProxy = 4F0B3F2F2C228985009058A9 /* PBXContainerItemProxy */;
		};
		4F0B3F3A2C228985009058A9 /* PBXTargetDependency */ = {
			isa = PBXTargetDependency;
			target = 4F0B3F1D2C228982009058A9 /* week10_weatherAPI */;
			targetProxy = 4F0B3F392C228985009058A9 /* PBXContainerItemProxy */;
		};
/* End PBXTargetDependency section */

/* Begin XCBuildConfiguration section */
		4F0B3F402C228985009058A9 /* Debug */ = {
			isa = XCBuildConfiguration;
			buildSettings = {
				ALWAYS_SEARCH_USER_PATHS = NO;
				ASSETCATALOG_COMPILER_GENERATE_SWIFT_ASSET_SYMBOL_EXTENSIONS = YES;
				CLANG_ANALYZER_NONNULL = YES;
				CLANG_ANALYZER_NUMBER_OBJECT_CONVERSION = YES_AGGRESSIVE;
				CLANG_CXX_LANGUAGE_STANDARD = "gnu++20";
				CLANG_ENABLE_MODULES = YES;
				CLANG_ENABLE_OBJC_ARC = YES;
				CLANG_ENABLE_OBJC_WEAK = YES;
				CLANG_WARN_BLOCK_CAPTURE_AUTORELEASING = YES;
				CLANG_WARN_BOOL_CONVERSION = YES;
				CLANG_WARN_COMMA = YES;
				CLANG_WARN_CONSTANT_CONVERSION = YES;
				CLANG_WARN_DEPRECATED_OBJC_IMPLEMENTATIONS = YES;
				CLANG_WARN_DIRECT_OBJC_ISA_USAGE = YES_ERROR;
				CLANG_WARN_DOCUMENTATION_COMMENTS = YES;
				CLANG_WARN_EMPTY_BODY = YES;
				CLANG_WARN_ENUM_CONVERSION = YES;
				CLANG_WARN_INFINITE_RECURSION = YES;
				CLANG_WARN_INT_CONVERSION = YES;
				CLANG_WARN_NON_LITERAL_NULL_CONVERSION = YES;
				CLANG_WARN_OBJC_IMPLICIT_RETAIN_SELF = YES;
				CLANG_WARN_OBJC_LITERAL_CONVERSION = YES;
				CLANG_WARN_OBJC_ROOT_CLASS = YES_ERROR;
				CLANG_WARN_QUOTED_INCLUDE_IN_FRAMEWORK_HEADER = YES;
				CLANG_WARN_RANGE_LOOP_ANALYSIS = YES;
				CLANG_WARN_STRICT_PROTOTYPES = YES;
				CLANG_WARN_SUSPICIOUS_MOVE = YES;
				CLANG_WARN_UNGUARDED_AVAILABILITY = YES_AGGRESSIVE;
				CLANG_WARN_UNREACHABLE_CODE = YES;
				CLANG_WARN__DUPLICATE_METHOD_MATCH = YES;
				COPY_PHASE_STRIP = NO;
				DEBUG_INFORMATION_FORMAT = dwarf;
				ENABLE_STRICT_OBJC_MSGSEND = YES;
				ENABLE_TESTABILITY = YES;
				ENABLE_USER_SCRIPT_SANDBOXING = YES;
				GCC_C_LANGUAGE_STANDARD = gnu17;
				GCC_DYNAMIC_NO_PIC = NO;
				GCC_NO_COMMON_BLOCKS = YES;
				GCC_OPTIMIZATION_LEVEL = 0;
				GCC_PREPROCESSOR_DEFINITIONS = (
					"DEBUG=1",
					"$(inherited)",
				);
				GCC_WARN_64_TO_32_BIT_CONVERSION = YES;
				GCC_WARN_ABOUT_RETURN_TYPE = YES_ERROR;
				GCC_WARN_UNDECLARED_SELECTOR = YES;
				GCC_WARN_UNINITIALIZED_AUTOS = YES_AGGRESSIVE;
				GCC_WARN_UNUSED_FUNCTION = YES;
				GCC_WARN_UNUSED_VARIABLE = YES;
				IPHONEOS_DEPLOYMENT_TARGET = 17.5;
				LOCALIZATION_PREFERS_STRING_CATALOGS = YES;
				MTL_ENABLE_DEBUG_INFO = INCLUDE_SOURCE;
				MTL_FAST_MATH = YES;
				ONLY_ACTIVE_ARCH = YES;
				SDKROOT = iphoneos;
				SWIFT_ACTIVE_COMPILATION_CONDITIONS = "DEBUG $(inherited)";
				SWIFT_OPTIMIZATION_LEVEL = "-Onone";
			};
			name = Debug;
		};
		4F0B3F412C228985009058A9 /* Release */ = {
			isa = XCBuildConfiguration;
			buildSettings = {
				ALWAYS_SEARCH_USER_PATHS = NO;
				ASSETCATALOG_COMPILER_GENERATE_SWIFT_ASSET_SYMBOL_EXTENSIONS = YES;
				CLANG_ANALYZER_NONNULL = YES;
				CLANG_ANALYZER_NUMBER_OBJECT_CONVERSION = YES_AGGRESSIVE;
				CLANG_CXX_LANGUAGE_STANDARD = "gnu++20";
				CLANG_ENABLE_MODULES = YES;
				CLANG_ENABLE_OBJC_ARC = YES;
				CLANG_ENABLE_OBJC_WEAK = YES;
				CLANG_WARN_BLOCK_CAPTURE_AUTORELEASING = YES;
				CLANG_WARN_BOOL_CONVERSION = YES;
				CLANG_WARN_COMMA = YES;
				CLANG_WARN_CONSTANT_CONVERSION = YES;
				CLANG_WARN_DEPRECATED_OBJC_IMPLEMENTATIONS = YES;
				CLANG_WARN_DIRECT_OBJC_ISA_USAGE = YES_ERROR;
				CLANG_WARN_DOCUMENTATION_COMMENTS = YES;
				CLANG_WARN_EMPTY_BODY = YES;
				CLANG_WARN_ENUM_CONVERSION = YES;
				CLANG_WARN_INFINITE_RECURSION = YES;
				CLANG_WARN_INT_CONVERSION = YES;
				CLANG_WARN_NON_LITERAL_NULL_CONVERSION = YES;
				CLANG_WARN_OBJC_IMPLICIT_RETAIN_SELF = YES;
				CLANG_WARN_OBJC_LITERAL_CONVERSION = YES;
				CLANG_WARN_OBJC_ROOT_CLASS = YES_ERROR;
				CLANG_WARN_QUOTED_INCLUDE_IN_FRAMEWORK_HEADER = YES;
				CLANG_WARN_RANGE_LOOP_ANALYSIS = YES;
				CLANG_WARN_STRICT_PROTOTYPES = YES;
				CLANG_WARN_SUSPICIOUS_MOVE = YES;
				CLANG_WARN_UNGUARDED_AVAILABILITY = YES_AGGRESSIVE;
				CLANG_WARN_UNREACHABLE_CODE = YES;
				CLANG_WARN__DUPLICATE_METHOD_MATCH = YES;
				COPY_PHASE_STRIP = NO;
				DEBUG_INFORMATION_FORMAT = "dwarf-with-dsym";
				ENABLE_NS_ASSERTIONS = NO;
				ENABLE_STRICT_OBJC_MSGSEND = YES;
				ENABLE_USER_SCRIPT_SANDBOXING = YES;
				GCC_C_LANGUAGE_STANDARD = gnu17;
				GCC_NO_COMMON_BLOCKS = YES;
				GCC_WARN_64_TO_32_BIT_CONVERSION = YES;
				GCC_WARN_ABOUT_RETURN_TYPE = YES_ERROR;
				GCC_WARN_UNDECLARED_SELECTOR = YES;
				GCC_WARN_UNINITIALIZED_AUTOS = YES_AGGRESSIVE;
				GCC_WARN_UNUSED_FUNCTION = YES;
				GCC_WARN_UNUSED_VARIABLE = YES;
				IPHONEOS_DEPLOYMENT_TARGET = 17.5;
				LOCALIZATION_PREFERS_STRING_CATALOGS = YES;
				MTL_ENABLE_DEBUG_INFO = NO;
				MTL_FAST_MATH = YES;
				SDKROOT = iphoneos;
				SWIFT_COMPILATION_MODE = wholemodule;
				VALIDATE_PRODUCT = YES;
			};
			name = Release;
		};
		4F0B3F432C228985009058A9 /* Debug */ = {
			isa = XCBuildConfiguration;
			buildSettings = {
				ASSETCATALOG_COMPILER_APPICON_NAME = AppIcon;
				ASSETCATALOG_COMPILER_GLOBAL_ACCENT_COLOR_NAME = AccentColor;
				CODE_SIGN_STYLE = Automatic;
				CURRENT_PROJECT_VERSION = 1;
				DEVELOPMENT_ASSET_PATHS = "\"week10_weatherAPI/Preview Content\"";
				ENABLE_PREVIEWS = YES;
				GENERATE_INFOPLIST_FILE = YES;
				INFOPLIST_KEY_UIApplicationSceneManifest_Generation = YES;
				INFOPLIST_KEY_UIApplicationSupportsIndirectInputEvents = YES;
				INFOPLIST_KEY_UILaunchScreen_Generation = YES;
				INFOPLIST_KEY_UISupportedInterfaceOrientations_iPad = "UIInterfaceOrientationPortrait UIInterfaceOrientationPortraitUpsideDown UIInterfaceOrientationLandscapeLeft UIInterfaceOrientationLandscapeRight";
				INFOPLIST_KEY_UISupportedInterfaceOrientations_iPhone = "UIInterfaceOrientationPortrait UIInterfaceOrientationLandscapeLeft UIInterfaceOrientationLandscapeRight";
				LD_RUNPATH_SEARCH_PATHS = (
					"$(inherited)",
					"@executable_path/Frameworks",
				);
				MARKETING_VERSION = 1.0;
				PRODUCT_BUNDLE_IDENTIFIER = "TrainSwiftUI.week10-weatherAPI";
				PRODUCT_NAME = "$(TARGET_NAME)";
				SWIFT_EMIT_LOC_STRINGS = YES;
				SWIFT_VERSION = 5.0;
				TARGETED_DEVICE_FAMILY = "1,2";
			};
			name = Debug;
		};
		4F0B3F442C228985009058A9 /* Release */ = {
			isa = XCBuildConfiguration;
			buildSettings = {
				ASSETCATALOG_COMPILER_APPICON_NAME = AppIcon;
				ASSETCATALOG_COMPILER_GLOBAL_ACCENT_COLOR_NAME = AccentColor;
				CODE_SIGN_STYLE = Automatic;
				CURRENT_PROJECT_VERSION = 1;
				DEVELOPMENT_ASSET_PATHS = "\"week10_weatherAPI/Preview Content\"";
				ENABLE_PREVIEWS = YES;
				GENERATE_INFOPLIST_FILE = YES;
				INFOPLIST_KEY_UIApplicationSceneManifest_Generation = YES;
				INFOPLIST_KEY_UIApplicationSupportsIndirectInputEvents = YES;
				INFOPLIST_KEY_UILaunchScreen_Generation = YES;
				INFOPLIST_KEY_UISupportedInterfaceOrientations_iPad = "UIInterfaceOrientationPortrait UIInterfaceOrientationPortraitUpsideDown UIInterfaceOrientationLandscapeLeft UIInterfaceOrientationLandscapeRight";
				INFOPLIST_KEY_UISupportedInterfaceOrientations_iPhone = "UIInterfaceOrientationPortrait UIInterfaceOrientationLandscapeLeft UIInterfaceOrientationLandscapeRight";
				LD_RUNPATH_SEARCH_PATHS = (
					"$(inherited)",
					"@executable_path/Frameworks",
				);
				MARKETING_VERSION = 1.0;
				PRODUCT_BUNDLE_IDENTIFIER = "TrainSwiftUI.week10-weatherAPI";
				PRODUCT_NAME = "$(TARGET_NAME)";
				SWIFT_EMIT_LOC_STRINGS = YES;
				SWIFT_VERSION = 5.0;
				TARGETED_DEVICE_FAMILY = "1,2";
			};
			name = Release;
		};
		4F0B3F462C228985009058A9 /* Debug */ = {
			isa = XCBuildConfiguration;
			buildSettings = {
				ALWAYS_EMBED_SWIFT_STANDARD_LIBRARIES = YES;
				BUNDLE_LOADER = "$(TEST_HOST)";
				CODE_SIGN_STYLE = Automatic;
				CURRENT_PROJECT_VERSION = 1;
				GENERATE_INFOPLIST_FILE = YES;
				IPHONEOS_DEPLOYMENT_TARGET = 17.5;
				MARKETING_VERSION = 1.0;
				PRODUCT_BUNDLE_IDENTIFIER = "TrainSwiftUI.week10-weatherAPITests";
				PRODUCT_NAME = "$(TARGET_NAME)";
				SWIFT_EMIT_LOC_STRINGS = NO;
				SWIFT_VERSION = 5.0;
				TARGETED_DEVICE_FAMILY = "1,2";
				TEST_HOST = "$(BUILT_PRODUCTS_DIR)/week10_weatherAPI.app/$(BUNDLE_EXECUTABLE_FOLDER_PATH)/week10_weatherAPI";
			};
			name = Debug;
		};
		4F0B3F472C228985009058A9 /* Release */ = {
			isa = XCBuildConfiguration;
			buildSettings = {
				ALWAYS_EMBED_SWIFT_STANDARD_LIBRARIES = YES;
				BUNDLE_LOADER = "$(TEST_HOST)";
				CODE_SIGN_STYLE = Automatic;
				CURRENT_PROJECT_VERSION = 1;
				GENERATE_INFOPLIST_FILE = YES;
				IPHONEOS_DEPLOYMENT_TARGET = 17.5;
				MARKETING_VERSION = 1.0;
				PRODUCT_BUNDLE_IDENTIFIER = "TrainSwiftUI.week10-weatherAPITests";
				PRODUCT_NAME = "$(TARGET_NAME)";
				SWIFT_EMIT_LOC_STRINGS = NO;
				SWIFT_VERSION = 5.0;
				TARGETED_DEVICE_FAMILY = "1,2";
				TEST_HOST = "$(BUILT_PRODUCTS_DIR)/week10_weatherAPI.app/$(BUNDLE_EXECUTABLE_FOLDER_PATH)/week10_weatherAPI";
			};
			name = Release;
		};
		4F0B3F492C228985009058A9 /* Debug */ = {
			isa = XCBuildConfiguration;
			buildSettings = {
				ALWAYS_EMBED_SWIFT_STANDARD_LIBRARIES = YES;
				CODE_SIGN_STYLE = Automatic;
				CURRENT_PROJECT_VERSION = 1;
				GENERATE_INFOPLIST_FILE = YES;
				MARKETING_VERSION = 1.0;
				PRODUCT_BUNDLE_IDENTIFIER = "TrainSwiftUI.week10-weatherAPIUITests";
				PRODUCT_NAME = "$(TARGET_NAME)";
				SWIFT_EMIT_LOC_STRINGS = NO;
				SWIFT_VERSION = 5.0;
				TARGETED_DEVICE_FAMILY = "1,2";
				TEST_TARGET_NAME = week10_weatherAPI;
			};
			name = Debug;
		};
		4F0B3F4A2C228985009058A9 /* Release */ = {
			isa = XCBuildConfiguration;
			buildSettings = {
				ALWAYS_EMBED_SWIFT_STANDARD_LIBRARIES = YES;
				CODE_SIGN_STYLE = Automatic;
				CURRENT_PROJECT_VERSION = 1;
				GENERATE_INFOPLIST_FILE = YES;
				MARKETING_VERSION = 1.0;
				PRODUCT_BUNDLE_IDENTIFIER = "TrainSwiftUI.week10-weatherAPIUITests";
				PRODUCT_NAME = "$(TARGET_NAME)";
				SWIFT_EMIT_LOC_STRINGS = NO;
				SWIFT_VERSION = 5.0;
				TARGETED_DEVICE_FAMILY = "1,2";
				TEST_TARGET_NAME = week10_weatherAPI;
			};
			name = Release;
		};
/* End XCBuildConfiguration section */

/* Begin XCConfigurationList section */
		4F0B3F192C228982009058A9 /* Build configuration list for PBXProject "week10_weatherAPI" */ = {
			isa = XCConfigurationList;
			buildConfigurations = (
				4F0B3F402C228985009058A9 /* Debug */,
				4F0B3F412C228985009058A9 /* Release */,
			);
			defaultConfigurationIsVisible = 0;
			defaultConfigurationName = Release;
		};
		4F0B3F422C228985009058A9 /* Build configuration list for PBXNativeTarget "week10_weatherAPI" */ = {
			isa = XCConfigurationList;
			buildConfigurations = (
				4F0B3F432C228985009058A9 /* Debug */,
				4F0B3F442C228985009058A9 /* Release */,
			);
			defaultConfigurationIsVisible = 0;
			defaultConfigurationName = Release;
		};
		4F0B3F452C228985009058A9 /* Build configuration list for PBXNativeTarget "week10_weatherAPITests" */ = {
			isa = XCConfigurationList;
			buildConfigurations = (
				4F0B3F462C228985009058A9 /* Debug */,
				4F0B3F472C228985009058A9 /* Release */,
			);
			defaultConfigurationIsVisible = 0;
			defaultConfigurationName = Release;
		};
		4F0B3F482C228985009058A9 /* Build configuration list for PBXNativeTarget "week10_weatherAPIUITests" */ = {
			isa = XCConfigurationList;
			buildConfigurations = (
				4F0B3F492C228985009058A9 /* Debug */,
				4F0B3F4A2C228985009058A9 /* Release */,
			);
			defaultConfigurationIsVisible = 0;
			defaultConfigurationName = Release;
		};
/* End XCConfigurationList section */
	};
	rootObject = 4F0B3F162C228982009058A9 /* Project object */;
}
